
Microsoft Visual Studio Solution File, Format Version 12.00
# Visual Studio Version 17
VisualStudioVersion = 17.5.33516.290
MinimumVisualStudioVersion = 10.0.40219.1
Project("{FAE04EC0-301F-11D3-BF4B-00C04F79EFBC}") = "WindowsFormsApp1", "WindowsFormsApp1\WindowsFormsApp1.csproj", "{F886C5C7-D2DE-453E-AE9A-536C0867C3FE}"
EndProject
Global
	GlobalSection(SolutionConfigurationPlatforms) = preSolution
		Debug|Any CPU = Debug|Any CPU
		Release|Any CPU = Release|Any CPU
	EndGlobalSection
	GlobalSection(ProjectConfigurationPlatforms) = postSolution
		{F886C5C7-D2DE-453E-AE9A-536C0867C3FE}.Debug|Any CPU.ActiveCfg = Debug|Any CPU
		{F886C5C7-D2DE-453E-AE9A-536C0867C3FE}.Debug|Any CPU.Build.0 = Debug|Any CPU
		{F886C5C7-D2DE-453E-AE9A-536C0867C3FE}.Release|Any CPU.ActiveCfg = Release|Any CPU
		{F886C5C7-D2DE-453E-AE9A-536C0867C3FE}.Release|Any CPU.Build.0 = Release|Any CPU
	EndGlobalSection
	GlobalSection(SolutionProperties) = preSolution
		HideSolutionNode = FALSE
	EndGlobalSection
	GlobalSection(ExtensibilityGlobals) = postSolution
		SolutionGuid = {EE734EDF-BE66-4A9B-B52A-B18A2BE1A57A}
	EndGlobalSection
EndGlobal
